
Microsoft Visual Studio Solution File, Format Version 12.00
# Visual Studio Version 16
VisualStudioVersion = 16.0.29403.142
MinimumVisualStudioVersion = 10.0.40219.1
Project("{FAE04EC0-301F-11D3-BF4B-00C04F79EFBC}") = "WordSearch", "WordSearch\WordSearch.csproj", "{76D12A13-32E9-40E0-9F2A-EFEB9E9E16CC}"
EndProject
Project("{FAE04EC0-301F-11D3-BF4B-00C04F79EFBC}") = "WordSearchTests", "WordSearchTests\WordSearchTests.csproj", "{309B9894-A9C2-4224-8AB2-BE813C449F8B}"
EndProject
Global
	GlobalSection(SolutionConfigurationPlatforms) = preSolution
		Debug|Any CPU = Debug|Any CPU
		Release|Any CPU = Release|Any CPU
	EndGlobalSection
	GlobalSection(ProjectConfigurationPlatforms) = postSolution
		{76D12A13-32E9-40E0-9F2A-EFEB9E9E16CC}.Debug|Any CPU.ActiveCfg = Debug|Any CPU
		{76D12A13-32E9-40E0-9F2A-EFEB9E9E16CC}.Debug|Any CPU.Build.0 = Debug|Any CPU
		{76D12A13-32E9-40E0-9F2A-EFEB9E9E16CC}.Release|Any CPU.ActiveCfg = Release|Any CPU
		{76D12A13-32E9-40E0-9F2A-EFEB9E9E16CC}.Release|Any CPU.Build.0 = Release|Any CPU
		{309B9894-A9C2-4224-8AB2-BE813C449F8B}.Debug|Any CPU.ActiveCfg = Debug|Any CPU
		{309B9894-A9C2-4224-8AB2-BE813C449F8B}.Debug|Any CPU.Build.0 = Debug|Any CPU
		{309B9894-A9C2-4224-8AB2-BE813C449F8B}.Release|Any CPU.ActiveCfg = Release|Any CPU
		{309B9894-A9C2-4224-8AB2-BE813C449F8B}.Release|Any CPU.Build.0 = Release|Any CPU
	EndGlobalSection
	GlobalSection(SolutionProperties) = preSolution
		HideSolutionNode = FALSE
	EndGlobalSection
	GlobalSection(ExtensibilityGlobals) = postSolution
		SolutionGuid = {F7A7BA04-C024-4C9F-A304-0A5FF3033C0C}
	EndGlobalSection
EndGlobal
